
Microsoft Visual Studio Solution File, Format Version 12.00
# Visual Studio Version 17
VisualStudioVersion = 17.0.31912.275
MinimumVisualStudioVersion = 10.0.40219.1
Project("{8BC9CEB8-8B4A-11D0-8D11-00A0C91BC942}") = "lab-5task1", "lab-5task1.vcxproj", "{56F9C4B9-B12B-4C99-929F-B40C9E30099F}"
EndProject
Global
	GlobalSection(SolutionConfigurationPlatforms) = preSolution
		Debug|x64 = Debug|x64
		Debug|x86 = Debug|x86
		Release|x64 = Release|x64
		Release|x86 = Release|x86
	EndGlobalSection
	GlobalSection(ProjectConfigurationPlatforms) = postSolution
		{56F9C4B9-B12B-4C99-929F-B40C9E30099F}.Debug|x64.ActiveCfg = Debug|x64
		{56F9C4B9-B12B-4C99-929F-B40C9E30099F}.Debug|x64.Build.0 = Debug|x64
		{56F9C4B9-B12B-4C99-929F-B40C9E30099F}.Debug|x86.ActiveCfg = Debug|Win32
		{56F9C4B9-B12B-4C99-929F-B40C9E30099F}.Debug|x86.Build.0 = Debug|Win32
		{56F9C4B9-B12B-4C99-929F-B40C9E30099F}.Release|x64.ActiveCfg = Release|x64
		{56F9C4B9-B12B-4C99-929F-B40C9E30099F}.Release|x64.Build.0 = Release|x64
		{56F9C4B9-B12B-4C99-929F-B40C9E30099F}.Release|x86.ActiveCfg = Release|Win32
		{56F9C4B9-B12B-4C99-929F-B40C9E30099F}.Release|x86.Build.0 = Release|Win32
	EndGlobalSection
	GlobalSection(SolutionProperties) = preSolution
		HideSolutionNode = FALSE
	EndGlobalSection
	GlobalSection(ExtensibilityGlobals) = postSolution
		SolutionGuid = {0F9DB6C2-6463-4EBB-9896-0B0FC3F8189A}
	EndGlobalSection
EndGlobal
