
Microsoft Visual Studio Solution File, Format Version 12.00
# Visual Studio Version 17
VisualStudioVersion = 17.0.31912.275
MinimumVisualStudioVersion = 10.0.40219.1
Project("{8BC9CEB8-8B4A-11D0-8D11-00A0C91BC942}") = "2021535_task1", "2021535_task1.vcxproj", "{B7ED4543-2EDA-48ED-B222-C6E24BFB6514}"
EndProject
Global
	GlobalSection(SolutionConfigurationPlatforms) = preSolution
		Debug|x64 = Debug|x64
		Debug|x86 = Debug|x86
		Release|x64 = Release|x64
		Release|x86 = Release|x86
	EndGlobalSection
	GlobalSection(ProjectConfigurationPlatforms) = postSolution
		{B7ED4543-2EDA-48ED-B222-C6E24BFB6514}.Debug|x64.ActiveCfg = Debug|x64
		{B7ED4543-2EDA-48ED-B222-C6E24BFB6514}.Debug|x64.Build.0 = Debug|x64
		{B7ED4543-2EDA-48ED-B222-C6E24BFB6514}.Debug|x86.ActiveCfg = Debug|Win32
		{B7ED4543-2EDA-48ED-B222-C6E24BFB6514}.Debug|x86.Build.0 = Debug|Win32
		{B7ED4543-2EDA-48ED-B222-C6E24BFB6514}.Release|x64.ActiveCfg = Release|x64
		{B7ED4543-2EDA-48ED-B222-C6E24BFB6514}.Release|x64.Build.0 = Release|x64
		{B7ED4543-2EDA-48ED-B222-C6E24BFB6514}.Release|x86.ActiveCfg = Release|Win32
		{B7ED4543-2EDA-48ED-B222-C6E24BFB6514}.Release|x86.Build.0 = Release|Win32
	EndGlobalSection
	GlobalSection(SolutionProperties) = preSolution
		HideSolutionNode = FALSE
	EndGlobalSection
	GlobalSection(ExtensibilityGlobals) = postSolution
		SolutionGuid = {916EAF7E-389B-4F8A-8891-BC9CE5F5A803}
	EndGlobalSection
EndGlobal
